
Microsoft Visual Studio Solution File, Format Version 12.00
# Visual Studio Version 17
VisualStudioVersion = 17.4.33110.190
MinimumVisualStudioVersion = 10.0.40219.1
Project("{9A19103F-16F7-4668-BE54-9A1E7A4F7556}") = "MyProject.Repositories", "MyProject.Repositories\MyProject.Repositories.csproj", "{5C777A42-8E5E-4AB4-B318-32A7BDF579C7}"
EndProject
Project("{9A19103F-16F7-4668-BE54-9A1E7A4F7556}") = "MyProject.Common", "MyProject.Common\MyProject.Common.csproj", "{5F7841C1-8414-4880-B2C3-FD20492ED896}"
EndProject
Project("{9A19103F-16F7-4668-BE54-9A1E7A4F7556}") = "MyProject.Context", "MyProject.Context\MyProject.Context.csproj", "{1B69DCE5-09BE-4E99-904C-A5132E43E9E9}"
EndProject
Project("{9A19103F-16F7-4668-BE54-9A1E7A4F7556}") = "MyProject.Services", "MyProject.Services\MyProject.Services.csproj", "{2D784EE1-67E0-46BD-872F-F1ACE2977415}"
EndProject
Project("{9A19103F-16F7-4668-BE54-9A1E7A4F7556}") = "MyProject.WebApi", "MyProject.WebApi\MyProject.WebApi.csproj", "{BF042517-ACAD-4149-9437-20B993260152}"
EndProject
Global
	GlobalSection(SolutionConfigurationPlatforms) = preSolution
		Debug|Any CPU = Debug|Any CPU
		Release|Any CPU = Release|Any CPU
	EndGlobalSection
	GlobalSection(ProjectConfigurationPlatforms) = postSolution
		{5C777A42-8E5E-4AB4-B318-32A7BDF579C7}.Debug|Any CPU.ActiveCfg = Debug|Any CPU
		{5C777A42-8E5E-4AB4-B318-32A7BDF579C7}.Debug|Any CPU.Build.0 = Debug|Any CPU
		{5C777A42-8E5E-4AB4-B318-32A7BDF579C7}.Release|Any CPU.ActiveCfg = Release|Any CPU
		{5C777A42-8E5E-4AB4-B318-32A7BDF579C7}.Release|Any CPU.Build.0 = Release|Any CPU
		{5F7841C1-8414-4880-B2C3-FD20492ED896}.Debug|Any CPU.ActiveCfg = Debug|Any CPU
		{5F7841C1-8414-4880-B2C3-FD20492ED896}.Debug|Any CPU.Build.0 = Debug|Any CPU
		{5F7841C1-8414-4880-B2C3-FD20492ED896}.Release|Any CPU.ActiveCfg = Release|Any CPU
		{5F7841C1-8414-4880-B2C3-FD20492ED896}.Release|Any CPU.Build.0 = Release|Any CPU
		{1B69DCE5-09BE-4E99-904C-A5132E43E9E9}.Debug|Any CPU.ActiveCfg = Debug|Any CPU
		{1B69DCE5-09BE-4E99-904C-A5132E43E9E9}.Debug|Any CPU.Build.0 = Debug|Any CPU
		{1B69DCE5-09BE-4E99-904C-A5132E43E9E9}.Release|Any CPU.ActiveCfg = Release|Any CPU
		{1B69DCE5-09BE-4E99-904C-A5132E43E9E9}.Release|Any CPU.Build.0 = Release|Any CPU
		{2D784EE1-67E0-46BD-872F-F1ACE2977415}.Debug|Any CPU.ActiveCfg = Debug|Any CPU
		{2D784EE1-67E0-46BD-872F-F1ACE2977415}.Debug|Any CPU.Build.0 = Debug|Any CPU
		{2D784EE1-67E0-46BD-872F-F1ACE2977415}.Release|Any CPU.ActiveCfg = Release|Any CPU
		{2D784EE1-67E0-46BD-872F-F1ACE2977415}.Release|Any CPU.Build.0 = Release|Any CPU
		{BF042517-ACAD-4149-9437-20B993260152}.Debug|Any CPU.ActiveCfg = Debug|Any CPU
		{BF042517-ACAD-4149-9437-20B993260152}.Debug|Any CPU.Build.0 = Debug|Any CPU
		{BF042517-ACAD-4149-9437-20B993260152}.Release|Any CPU.ActiveCfg = Release|Any CPU
		{BF042517-ACAD-4149-9437-20B993260152}.Release|Any CPU.Build.0 = Release|Any CPU
	EndGlobalSection
	GlobalSection(SolutionProperties) = preSolution
		HideSolutionNode = FALSE
	EndGlobalSection
	GlobalSection(ExtensibilityGlobals) = postSolution
		SolutionGuid = {6376156F-9EEF-4184-9D6D-B38F7DA2EA3B}
	EndGlobalSection
EndGlobal
